{
    "_meta": {
        "hash": {
            "sha256": "fd67694ddda4df221e69ba8817c6f6decfe714da71fa324c1a10057e93687d6a"
        },
        "pipfile-spec": 6,
        "requires": {
            "python_version": "3.6"
        },
        "sources": [
            {
                "name": "pypi",
                "url": "https://pypi.org/simple",
                "verify_ssl": true
            }
        ]
    },
    "default": {
        "absl-py": {
            "hashes": [
                "sha256:d9129186431e150d7fe455f1cb1ecbb92bb5dba9da9bc3ef7b012d98c4db2526"
            ],
            "version": "==0.8.1"
        },
        "astor": {
            "hashes": [
                "sha256:0e41295809baf43ae8303350e031aff81ae52189b6f881f36d623fa8b2f1960e",
                "sha256:37a6eed8b371f1228db08234ed7f6cfdc7817a3ed3824797e20cbb11dc2a7862"
            ],
            "version": "==0.8.0"
        },
        "gast": {
            "hashes": [
                "sha256:5c7617f1f6c8b8b426819642b16b9016727ddaecd16af9a07753e537eba8a3a5"
            ],
            "version": "==0.3.2"
        },
        "google-pasta": {
            "hashes": [
                "sha256:40b4f55ba7b44823eac96d055000572c84ce48cacb3e91c100869844064b2d07",
                "sha256:79d1ce28b381d68e98ef7707d19909adb58912f8dae8734402454424fc76b8fe",
                "sha256:7ca8afc4cfeebf4a079cdf586333d5447cecd19a997475136138fc83c3351bc4"
            ],
            "version": "==0.1.7"
        },
        "grpcio": {
            "hashes": [
                "sha256:01cb705eafba1108e2a947ba0457da4f6a1e8142c729fc61702b5fdd11009eb1",
                "sha256:0b5a79e29f167d3cd06faad6b15babbc2661066daaacf79373c3a8e67ca1fca1",
                "sha256:1097a61a0e97b3580642e6e1460a3a1f1ba1815e2a70d6057173bcc495417076",
                "sha256:13970e665a4ec4cec7d067d7d3504a0398c657d91d26c581144ad9044e429c9a",
                "sha256:1557817cea6e0b87fad2a3e20da385170efb03a313db164e8078955add2dfa1b",
                "sha256:1b0fb036a2f9dd93d9a35c57c26420eeb4b571fcb14b51cddf5b1e73ea5d882b",
                "sha256:24d9e58d08e8cd545d8a3247a18654aff0e5e60414701696a8098fbb0d792b75",
                "sha256:2c38b586163d2b91567fe5e6d9e7798f792012365adc838a64b66b22dce3f4d4",
                "sha256:2df3ab4348507de60e1cbf75196403df1b9b4c4d4dc5bd11ac4eb63c46f691c7",
                "sha256:32f70f7c90454ea568b868af2e96616743718d9233d23f62407e98caed81dfbf",
                "sha256:3af2a49d576820045c9c880ff29a5a96d020fe31b35d248519bfc6ccb8be4eac",
                "sha256:4ff7d63800a63db031ebac6a6f581ae84877c959401c24c28f2cc51fd36c47ad",
                "sha256:502aaa8be56f0ae69cda66bc27e1fb5531ceaa27ca515ec3c34f6178b1297180",
                "sha256:55358ce3ec283222e435f7dbc6603521438458f3c65f7c1cb33b8dabf56d70d8",
                "sha256:5583b01c67f85fa64a2c3fb085e5517c88b9c1500a2cce12d473cd99d0ed2e49",
                "sha256:58d9a5557d3eb7b734a3cea8b16c891099a522b3953a45a30bd4c034f75fc913",
                "sha256:5911f042c4ab177757eec5bcb4e2e9a2e823d888835d24577321bf55f02938fa",
                "sha256:5e16ea922f4e5017c04fd94e2639b1006e03097e9dd0cbb7a1c852af3ea8bf2e",
                "sha256:656e19d3f1b9050ee01b457f92838a9679d7cf84c995f708780f44484048705e",
                "sha256:6a1435449a82008c451c7e1a82a834387b9108f9a8d27910f86e7c482f5568e9",
                "sha256:6ff02ca6cbed0ddb76e93ba0f8beb6a8c77d83a84eb7cafe2ae3399a8b9d69ea",
                "sha256:76de68f60102f333bf4817f38e81ecbee68b850f5a5da9f355235e948ac40981",
                "sha256:7c6d7ddd50fc6548ea1dfe09c62509c4f95b8b40082287747be05aa8feb15ee2",
                "sha256:836b9d29507de729129e363276fe7c7d6a34c7961e0f155787025552b15d22c0",
                "sha256:869242b2baf8a888a4fe0548f86abc47cb4b48bdfd76ae62d6456e939c202e65",
                "sha256:8954b24bd08641d906ee50b2d638efc76df893fbd0913149b80484fd0eac40c9",
                "sha256:8cdea65d1abb2e698420db8daf20c8d272fbd9d96a51b26a713c1c76f237d181",
                "sha256:90161840b4fe9636f91ed0d3ea1e7e615e488cbea4e77594c889e5f3d7a776db",
                "sha256:90fb6316b4d7d36700c40db4335902b78dcae13b5466673c21fd3b08a3c1b0c6",
                "sha256:91b34f58db2611c9a93ecf751028f97fba1f06e65f49b38f272f6aa5d2977331",
                "sha256:9474944a96a33eb8734fa8dc5805403d57973a3526204a5e1c1780d02e0572b6",
                "sha256:9a36275db2a4774ac16c6822e7af816ee048071d5030b4c035fd53942b361935",
                "sha256:9cbe26e2976b994c5f7c2d35a63354674d6ca0ce62f5b513f078bf63c1745229",
                "sha256:9eaeabb3c0eecd6ddd0c16767fd12d130e2cebb8c2618f959a278b1ff336ddc3",
                "sha256:a2bc7e10ebcf4be503ae427f9887e75c0cc24e88ce467a8e6eaca6bd2862406e",
                "sha256:a5b42e6292ba51b8e67e09fc256963ba4ca9c04026de004d2fe59cc17e3c3776",
                "sha256:bd6ec1233c86c0b9bb5d03ec30dbe3ffbfa53335790320d99a7ae9018c5450f2",
                "sha256:bef57530816af54d66b1f4c70a8f851f320cb6f84d4b5a0b422b0e9811ea4e59",
                "sha256:c146a63eaadc6589b732780061f3c94cd0574388d372baccbb3c1597a9ebdb7a",
                "sha256:c2efd3b130dc639d615b6f58980e1bfd1b177ad821f30827afa5001aa30ddd48",
                "sha256:c888b18f7392e6cc79a33a803e7ebd7890ac3318f571fca6b356526f35b53b12",
                "sha256:ca30721fda297ae22f16bc37aa7ed244970ddfdcb98247570cdd26daaad4665e",
                "sha256:cf5f5340dd682ab034baa52f423a0f91326489c262ac9617fa06309ec05880e9",
                "sha256:d0726aa0d9b57c56985db5952e90fb1033a317074f2877db5307cdd6eede1564",
                "sha256:df442945b2dd6f8ae0e20b403e0fd4548cd5c2aad69200047cc3251257b78f65",
                "sha256:e08e758c31919d167c0867539bd3b2441629ef00aa595e3ea2b635273659f40a",
                "sha256:e4864339deeeaefaad34dd3a432ee618a039fca28efb292949c855e00878203c",
                "sha256:f4cd049cb94d9f517b1cab5668a3b345968beba093bc79a637e671000b3540ec"
            ],
            "version": "==1.24.3"
        },
        "h5py": {
            "hashes": [
                "sha256:063947eaed5f271679ed4ffa36bb96f57bc14f44dd4336a827d9a02702e6ce6b",
                "sha256:13c87efa24768a5e24e360a40e0bc4c49bcb7ce1bb13a3a7f9902cec302ccd36",
                "sha256:16ead3c57141101e3296ebeed79c9c143c32bdd0e82a61a2fc67e8e6d493e9d1",
                "sha256:3dad1730b6470fad853ef56d755d06bb916ee68a3d8272b3bab0c1ddf83bb99e",
                "sha256:51ae56894c6c93159086ffa2c94b5b3388c0400548ab26555c143e7cfa05b8e5",
                "sha256:54817b696e87eb9e403e42643305f142cd8b940fe9b3b490bbf98c3b8a894cf4",
                "sha256:549ad124df27c056b2e255ea1c44d30fb7a17d17676d03096ad5cd85edb32dc1",
                "sha256:6998be619c695910cb0effe5eb15d3a511d3d1a5d217d4bd0bebad1151ec2262",
                "sha256:6ef7ab1089e3ef53ca099038f3c0a94d03e3560e6aff0e9d6c64c55fb13fc681",
                "sha256:769e141512b54dee14ec76ed354fcacfc7d97fea5a7646b709f7400cf1838630",
                "sha256:79b23f47c6524d61f899254f5cd5e486e19868f1823298bc0c29d345c2447172",
                "sha256:7be5754a159236e95bd196419485343e2b5875e806fe68919e087b6351f40a70",
                "sha256:84412798925dc870ffd7107f045d7659e60f5d46d1c70c700375248bf6bf512d",
                "sha256:86868dc07b9cc8cb7627372a2e6636cdc7a53b7e2854ad020c9e9d8a4d3fd0f5",
                "sha256:8bb1d2de101f39743f91512a9750fb6c351c032e5cd3204b4487383e34da7f75",
                "sha256:a5f82cd4938ff8761d9760af3274acf55afc3c91c649c50ab18fcff5510a14a5",
                "sha256:aac4b57097ac29089f179bbc2a6e14102dd210618e94d77ee4831c65f82f17c0",
                "sha256:bffbc48331b4a801d2f4b7dac8a72609f0b10e6e516e5c480a3e3241e091c878",
                "sha256:c0d4b04bbf96c47b6d360cd06939e72def512b20a18a8547fa4af810258355d5",
                "sha256:c54a2c0dd4957776ace7f95879d81582298c5daf89e77fb8bee7378f132951de",
                "sha256:cbf28ae4b5af0f05aa6e7551cee304f1d317dbed1eb7ac1d827cee2f1ef97a99",
                "sha256:d3c59549f90a891691991c17f8e58c8544060fdf3ccdea267100fa5f561ff62f",
                "sha256:d7ae7a0576b06cb8e8a1c265a8bc4b73d05fdee6429bffc9a26a6eb531e79d72",
                "sha256:ecf4d0b56ee394a0984de15bceeb97cbe1fe485f1ac205121293fc44dcf3f31f",
                "sha256:f0e25bb91e7a02efccb50aba6591d3fe2c725479e34769802fcdd4076abfa917",
                "sha256:f23951a53d18398ef1344c186fb04b26163ca6ce449ebd23404b153fd111ded9",
                "sha256:ff7d241f866b718e4584fa95f520cb19405220c501bd3a53ee11871ba5166ea2"
            ],
            "index": "pypi",
            "version": "==2.10.0"
        },
        "keras-applications": {
            "hashes": [
                "sha256:5579f9a12bcde9748f4a12233925a59b93b73ae6947409ff34aa2ba258189fe5",
                "sha256:df4323692b8c1174af821bf906f1e442e63fa7589bf0f1230a0b6bdc5a810c95"
            ],
            "version": "==1.0.8"
        },
        "keras-preprocessing": {
            "hashes": [
                "sha256:44aee5f2c4d80c3b29f208359fcb336df80f293a0bb6b1c738da43ca206656fb",
                "sha256:5a8debe01d840de93d49e05ccf1c9b81ae30e210d34dacbcc47aeb3049b528e5"
            ],
            "version": "==1.1.0"
        },
        "markdown": {
            "hashes": [
                "sha256:2e50876bcdd74517e7b71f3e7a76102050edec255b3983403f1a63e7c8a41e7a",
                "sha256:56a46ac655704b91e5b7e6326ce43d5ef72411376588afa1dd90e881b83c7e8c"
            ],
            "version": "==3.1.1"
        },
        "numpy": {
            "hashes": [
                "sha256:0b0dd8f47fb177d00fa6ef2d58783c4f41ad3126b139c91dd2f7c4b3fdf5e9a5",
                "sha256:25ffe71f96878e1da7e014467e19e7db90ae7d4e12affbc73101bcf61785214e",
                "sha256:26efd7f7d755e6ca966a5c0ac5a930a87dbbaab1c51716ac26a38f42ecc9bc4b",
                "sha256:28b1180c758abf34a5c3fea76fcee66a87def1656724c42bb14a6f9717a5bdf7",
                "sha256:2e418f0a59473dac424f888dd57e85f77502a593b207809211c76e5396ae4f5c",
                "sha256:30c84e3a62cfcb9e3066f25226e131451312a044f1fe2040e69ce792cb7de418",
                "sha256:4650d94bb9c947151737ee022b934b7d9a845a7c76e476f3e460f09a0c8c6f39",
                "sha256:4dd830a11e8724c9c9379feed1d1be43113f8bcce55f47ea7186d3946769ce26",
                "sha256:4f2a2b279efde194877aff1f76cf61c68e840db242a5c7169f1ff0fd59a2b1e2",
                "sha256:62d22566b3e3428dfc9ec972014c38ed9a4db4f8969c78f5414012ccd80a149e",
                "sha256:669795516d62f38845c7033679c648903200980d68935baaa17ac5c7ae03ae0c",
                "sha256:75fcd60d682db3e1f8fbe2b8b0c6761937ad56d01c1dc73edf4ef2748d5b6bc4",
                "sha256:9395b0a41e8b7e9a284e3be7060db9d14ad80273841c952c83a5afc241d2bd98",
                "sha256:9e37c35fc4e9410093b04a77d11a34c64bf658565e30df7cbe882056088a91c1",
                "sha256:a0678793096205a4d784bd99f32803ba8100f639cf3b932dc63b21621390ea7e",
                "sha256:b46554ad4dafb2927f88de5a1d207398c5385edbb5c84d30b3ef187c4a3894d8",
                "sha256:c867eeccd934920a800f65c6068acdd6b87e80d45cd8c8beefff783b23cdc462",
                "sha256:dd0667f5be56fb1b570154c2c0516a528e02d50da121bbbb2cbb0b6f87f59bc2",
                "sha256:de2b1c20494bdf47f0160bd88ed05f5e48ae5dc336b8de7cfade71abcc95c0b9",
                "sha256:f1df7b2b7740dd777571c732f98adb5aad5450aee32772f1b39249c8a50386f6",
                "sha256:ffca69e29079f7880c5392bf675eb8b4146479d976ae1924d01cd92b04cccbcc"
            ],
            "version": "==1.17.3"
        },
        "pillow": {
            "hashes": [
                "sha256:047d9473cf68af50ac85f8ee5d5f21a60f849bc17d348da7fc85711287a75031",
                "sha256:0f66dc6c8a3cc319561a633b6aa82c44107f12594643efa37210d8c924fc1c71",
                "sha256:12c9169c4e8fe0a7329e8658c7e488001f6b4c8e88740e76292c2b857af2e94c",
                "sha256:248cffc168896982f125f5c13e9317c059f74fffdb4152893339f3be62a01340",
                "sha256:27faf0552bf8c260a5cee21a76e031acaea68babb64daf7e8f2e2540745082aa",
                "sha256:285edafad9bc60d96978ed24d77cdc0b91dace88e5da8c548ba5937c425bca8b",
                "sha256:384b12c9aa8ef95558abdcb50aada56d74bc7cc131dd62d28c2d0e4d3aadd573",
                "sha256:38950b3a707f6cef09cd3cbb142474357ad1a985ceb44d921bdf7b4647b3e13e",
                "sha256:4aad1b88933fd6dc2846552b89ad0c74ddbba2f0884e2c162aa368374bf5abab",
                "sha256:4ac6148008c169603070c092e81f88738f1a0c511e07bd2bb0f9ef542d375da9",
                "sha256:4deb1d2a45861ae6f0b12ea0a786a03d19d29edcc7e05775b85ec2877cb54c5e",
                "sha256:59aa2c124df72cc75ed72c8d6005c442d4685691a30c55321e00ed915ad1a291",
                "sha256:5a47d2123a9ec86660fe0e8d0ebf0aa6bc6a17edc63f338b73ea20ba11713f12",
                "sha256:5cc901c2ab9409b4b7ac7b5bcc3e86ac14548627062463da0af3b6b7c555a871",
                "sha256:6c1db03e8dff7b9f955a0fb9907eb9ca5da75b5ce056c0c93d33100a35050281",
                "sha256:7ce80c0a65a6ea90ef9c1f63c8593fcd2929448613fc8da0adf3e6bfad669d08",
                "sha256:809c19241c14433c5d6135e1b6c72da4e3b56d5c865ad5736ab99af8896b8f41",
                "sha256:83792cb4e0b5af480588601467c0764242b9a483caea71ef12d22a0d0d6bdce2",
                "sha256:846fa202bd7ee0f6215c897a1d33238ef071b50766339186687bd9b7a6d26ac5",
                "sha256:9f5529fc02009f96ba95bea48870173426879dc19eec49ca8e08cd63ecd82ddb",
                "sha256:a423c2ea001c6265ed28700df056f75e26215fd28c001e93ef4380b0f05f9547",
                "sha256:ac4428094b42907aba5879c7c000d01c8278d451a3b7cccd2103e21f6397ea75",
                "sha256:b1ae48d87f10d1384e5beecd169c77502fcc04a2c00a4c02b85f0a94b419e5f9",
                "sha256:bf4e972a88f8841d8fdc6db1a75e0f8d763e66e3754b03006cbc3854d89f1cb1",
                "sha256:c6414f6aad598364aaf81068cabb077894eb88fed99c6a65e6e8217bab62ae7a",
                "sha256:c710fcb7ee32f67baf25aa9ffede4795fd5d93b163ce95fdc724383e38c9df96",
                "sha256:c7be4b8a09852291c3c48d3c25d1b876d2494a0a674980089ac9d5e0d78bd132",
                "sha256:c9e5ffb910b14f090ac9c38599063e354887a5f6d7e6d26795e916b4514f2c1a",
                "sha256:e0697b826da6c2472bb6488db4c0a7fa8af0d52fa08833ceb3681358914b14e5",
                "sha256:e9a3edd5f714229d41057d56ac0f39ad9bdba6767e8c888c951869f0bdd129b0"
            ],
            "version": "==6.2.1"
        },
        "protobuf": {
            "hashes": [
                "sha256:125713564d8cfed7610e52444c9769b8dcb0b55e25cc7841f2290ee7bc86636f",
                "sha256:1accdb7a47e51503be64d9a57543964ba674edac103215576399d2d0e34eac77",
                "sha256:27003d12d4f68e3cbea9eb67427cab3bfddd47ff90670cb367fcd7a3a89b9657",
                "sha256:3264f3c431a631b0b31e9db2ae8c927b79fc1a7b1b06b31e8e5bcf2af91fe896",
                "sha256:3c5ab0f5c71ca5af27143e60613729e3488bb45f6d3f143dc918a20af8bab0bf",
                "sha256:45dcf8758873e3f69feab075e5f3177270739f146255225474ee0b90429adef6",
                "sha256:56a77d61a91186cc5676d8e11b36a5feb513873e4ae88d2ee5cf530d52bbcd3b",
                "sha256:5984e4947bbcef5bd849d6244aec507d31786f2dd3344139adc1489fb403b300",
                "sha256:6b0441da73796dd00821763bb4119674eaf252776beb50ae3883bed179a60b2a",
                "sha256:6f6677c5ade94d4fe75a912926d6796d5c71a2a90c2aeefe0d6f211d75c74789",
                "sha256:84a825a9418d7196e2acc48f8746cf1ee75877ed2f30433ab92a133f3eaf8fbe",
                "sha256:b842c34fe043ccf78b4a6cf1019d7b80113707d68c88842d061fa2b8fb6ddedc",
                "sha256:ca33d2f09dae149a1dcf942d2d825ebb06343b77b437198c9e2ef115cf5d5bc1",
                "sha256:db83b5c12c0cd30150bb568e6feb2435c49ce4e68fe2d7b903113f0e221e58fe",
                "sha256:f50f3b1c5c1c1334ca7ce9cad5992f098f460ffd6388a3cabad10b66c2006b09",
                "sha256:f99f127909731cafb841c52f9216e447d3e4afb99b17bebfad327a75aee206de"
            ],
            "version": "==3.10.0"
        },
        "python-dotenv": {
            "hashes": [
                "sha256:debd928b49dbc2bf68040566f55cdb3252458036464806f4094487244e2a4093",
                "sha256:f157d71d5fec9d4bd5f51c82746b6344dffa680ee85217c123f4a0c8117c4544"
            ],
            "index": "pypi",
            "version": "==0.10.3"
        },
        "six": {
            "hashes": [
                "sha256:3350809f0555b11f552448330d0b52d5f24c91a322ea4a15ef22629740f3761c",
                "sha256:d16a0141ec1a18405cd4ce8b4613101da75da0e9a7aec5bdd4fa804d0e0eba73"
            ],
            "version": "==1.12.0"
        },
        "tensorboard": {
            "hashes": [
                "sha256:50e0b1bdcd488dbe39fd9416976e089b2ff4df18d9f1fab47abf4c498209c3fc",
                "sha256:c35ba681a52d4922be6b225623cf77285033e7e4e68bac5c1d5490e47d129bb2"
            ],
            "version": "==1.14.0"
        },
        "tensorboardx": {
            "hashes": [
                "sha256:3d6706fc0d0b2d4afbb9ec8bfc2aa9b7c2abff7d4dc3e1cb92cf180c9cfaf1d6"
            ],
            "index": "pypi",
            "version": "==1.9"
        },
        "tensorflow-estimator": {
            "hashes": [
                "sha256:ca073f66063407a091d610ec1b22e39ea30248710198cc6f13769320bdbe3992"
            ],
            "version": "==1.14.0"
        },
        "tensorflow-gpu": {
            "hashes": [
                "sha256:043dc9b66500feceb9d4857940ff50cc7ed40b588d47c129d57625191a6ae077",
                "sha256:1b7ce8d3b22112f5d3b0389e7bd13761ce6a801f1899af7858b6bd95563fc1d6",
                "sha256:45e0213a7681feb7bfa19208d640794f53f7b5c30c1061e5be43a7f938edbf6e",
                "sha256:6c2621ceb0a3b59606a06c5193f967243a6ebbd41c001d81231e77fc66266a7e",
                "sha256:71ab378b22ffb457cffeb01d48a31ba00cf90a8cea1ab18b84bd0efe0f207d7d",
                "sha256:8563b56388f6e9efdca10fcea2c9f6f03b3e4c65cd22fa5a93d73caf5e483d78",
                "sha256:a2528c9ab069599b7c6f9f2f1f751bcb5467b49a4960580a225d7b612dba396e",
                "sha256:bd8efeb415dcc353d501510ed3bbe1c4b996e5c05797b444455d86bfee7bf10e",
                "sha256:ed8db7cbf95f56fff7e7baa73a0912a63a46887b38ac19bdd75941e818baf37a"
            ],
            "index": "pypi",
            "version": "==1.14.0"
        },
        "termcolor": {
            "hashes": [
                "sha256:1d6d69ce66211143803fbc56652b41d73b4a400a2891d7bf7a1cdf4c02de613b"
            ],
            "version": "==1.1.0"
        },
        "torch": {
            "hashes": [
                "sha256:2d07d9db5cf43d152c17caf13428c10ab8c8fbf9c3bd503cfc46222cbfd1bb1c",
                "sha256:3b3ef18d03d8bc2ffccef1b3d2a156aa6f3235ed76d1c93cf3711c48055c79ce",
                "sha256:7499fbc00ebbb04b6a6cc77ba7055b3b93460da87139dd8aeb357c5446a44cf8",
                "sha256:93e3542d57d413d4bbd75f34ce06b7a2840da3a258e3ce20c751b31a6c24189f",
                "sha256:aec5245b459427bd4acea092bacbd6794bebaf65488caf931833a76cfbf9c5fa",
                "sha256:b33884ff0ca101ea6a3415e946b85f98253ee32401c6d863cc5fc6d5bb02d81c",
                "sha256:d460039d0d6c9e3e70b76bf9594c4ac364a287f125d22e10a6e9e1198887422c",
                "sha256:edf07e00bb7271406cec50630d7e17f89221eeea9bd6abab885f710d31758691"
            ],
            "index": "pypi",
            "version": "==1.3.0"
        },
        "torchvision": {
            "hashes": [
                "sha256:5db49b6ec5a30e270e7eca176bf8c52b10f9356fda2f798610f8822392dabfd4",
                "sha256:9421e453f0cfeefc62aa02d60df6b8681f21da0e4fc5583439de1ae97b1adab8",
                "sha256:ee8ab78e9f76a61d6a15c2829e0c26cdd5150b1b068806cc3a48af9d9f6b3f32",
                "sha256:fdc1800c4e7e2d62e73a92101b68fddd1f41bb1f5d6d175a260b4f8e299e11cd"
            ],
            "index": "pypi",
            "version": "==0.4.1.post2"
        },
        "tqdm": {
            "hashes": [
                "sha256:abc25d0ce2397d070ef07d8c7e706aede7920da163c64997585d42d3537ece3d",
                "sha256:dd3fcca8488bb1d416aa7469d2f277902f26260c45aa86b667b074cd44b3b115"
            ],
            "index": "pypi",
            "version": "==4.36.1"
        },
        "werkzeug": {
            "hashes": [
                "sha256:7280924747b5733b246fe23972186c6b348f9ae29724135a6dfc1e53cea433e7",
                "sha256:e5f4a1f98b52b18a93da705a7458e55afb26f32bff83ff5d19189f92462d65c4"
            ],
            "version": "==0.16.0"
        },
        "wheel": {
            "hashes": [
                "sha256:10c9da68765315ed98850f8e048347c3eb06dd81822dc2ab1d4fde9dc9702646",
                "sha256:f4da1763d3becf2e2cd92a14a7c920f0f00eca30fdde9ea992c836685b9faf28"
            ],
            "markers": "python_version >= '3'",
            "version": "==0.33.6"
        },
        "wrapt": {
            "hashes": [
                "sha256:565a021fd19419476b9362b05eeaa094178de64f8361e44468f9e9d7843901e1"
            ],
            "version": "==1.11.2"
        }
    },
    "develop": {
        "atomicwrites": {
            "hashes": [
                "sha256:03472c30eb2c5d1ba9227e4c2ca66ab8287fbfbbda3888aa93dc2e28fc6811b4",
                "sha256:75a9445bac02d8d058d5e1fe689654ba5a6556a1dfd8ce6ec55a0ed79866cfa6"
            ],
            "version": "==1.3.0"
        },
        "attrs": {
            "hashes": [
                "sha256:08a96c641c3a74e44eb59afb61a24f2cb9f4d7188748e76ba4bb5edfa3cb7d1c",
                "sha256:f7b7ce16570fe9965acd6d30101a28f62fb4a7f9e926b3bbc9b61f8b04247e72"
            ],
            "version": "==19.3.0"
        },
        "backcall": {
            "hashes": [
                "sha256:38ecd85be2c1e78f77fd91700c76e14667dc21e2713b63876c0eb901196e01e4",
                "sha256:bbbf4b1e5cd2bdb08f915895b51081c041bac22394fdfcfdfbe9f14b77c08bf2"
            ],
            "version": "==0.1.0"
        },
        "decorator": {
            "hashes": [
                "sha256:54c38050039232e1db4ad7375cfce6748d7b41c29e95a081c8a6d2c30364a2ce",
                "sha256:5d19b92a3c8f7f101c8dd86afd86b0f061a8ce4540ab8cd401fa2542756bce6d"
            ],
            "version": "==4.4.1"
        },
        "entrypoints": {
            "hashes": [
                "sha256:589f874b313739ad35be6e0cd7efde2a4e9b6fea91edcc34e58ecbb8dbe56d19",
                "sha256:c70dd71abe5a8c85e55e12c19bd91ccfeec11a6e99044204511f9ed547d48451"
            ],
            "version": "==0.3"
        },
        "flake8": {
            "hashes": [
                "sha256:19241c1cbc971b9962473e4438a2ca19749a7dd002dd1a946eaba171b4114548",
                "sha256:8e9dfa3cecb2400b3738a42c54c3043e821682b9c840b0448c0503f781130696"
            ],
            "version": "==3.7.8"
        },
        "flake8-bugbear": {
            "hashes": [
                "sha256:d8c466ea79d5020cb20bf9f11cf349026e09517a42264f313d3f6fddb83e0571",
                "sha256:ded4d282778969b5ab5530ceba7aa1a9f1b86fa7618fc96a19a1d512331640f8"
            ],
            "markers": "python_version >= '3.5'",
            "version": "==19.8.0"
        },
        "flake8-builtins": {
            "hashes": [
                "sha256:8d806360767947c0035feada4ddef3ede32f0a586ef457e62d811b8456ad9a51",
                "sha256:cd7b1b7fec4905386a3643b59f9ca8e305768da14a49a7efb31fe9364f33cd04"
            ],
            "version": "==1.4.1"
        },
        "flake8-class-newline": {
            "hashes": [
                "sha256:130a6991e8c58ec9a6380d273e449e61bcd974b446c97f1e16493f6350fa8d35",
                "sha256:44e77747396c7586bbfe7814df9caf17d92000cb70a5ef9df5d721c934c6db33",
                "sha256:514c4923c88eb8b3dd52db4b55b8d3483520db89db80af6ba812a4af15421ff1"
            ],
            "version": "==1.6.0"
        },
        "flake8-commas": {
            "hashes": [
                "sha256:d3005899466f51380387df7151fb59afec666a0f4f4a2c6a8995b975de0f44b7",
                "sha256:ee2141a3495ef9789a3894ed8802d03eff1eaaf98ce6d8653a7c573ef101935e"
            ],
            "version": "==2.0.0"
        },
        "flake8-config-yoctol": {
            "hashes": [
                "sha256:2ab3d9ea4dbfa22625661841ff199574b155476380da5336731e1fa018aad5c5",
                "sha256:c8b849ce883cb84ee951c8954bae267bdebfd66393b442f6f1f33de757a7c48f"
            ],
            "index": "pypi",
            "version": "==0.0.12"
        },
        "flake8-debugger": {
            "hashes": [
                "sha256:08d80b7e90f6c11d72e77d2717b90c29b144c87e5698ffd1b5a1e42acb3ecfd9",
                "sha256:6e662f7e75a3ed729d3be7c92e72bde385ab08ec26e7808bf3dfc63445c87857"
            ],
            "version": "==3.2.0"
        },
        "flake8-print": {
            "hashes": [
                "sha256:3456804209b0420d443cfd6cfe115dad2b13ec72c9ef1171857b26b7412cc932",
                "sha256:b46a78fd9ef80f85bf421923b6a4ca22f82285f461b8649e196aeca89ed4ff49"
            ],
            "version": "==3.1.1"
        },
        "importlib-metadata": {
            "hashes": [
                "sha256:aa18d7378b00b40847790e7c27e11673d7fed219354109d0e7b9e5b25dc3ad26",
                "sha256:d5f18a79777f3aa179c145737780282e27b508fc8fd688cb17c7a813e8bd39af"
            ],
            "markers": "python_version < '3.8'",
            "version": "==0.23"
        },
        "ipdb": {
            "hashes": [
                "sha256:473fdd798a099765f093231a8b1fabfa95b0b682fce12de0c74b61a4b4d8ee57"
            ],
            "index": "pypi",
            "version": "==0.12.2"
        },
        "ipython": {
            "hashes": [
                "sha256:dfd303b270b7b5232b3d08bd30ec6fd685d8a58cabd54055e3d69d8f029f7280",
                "sha256:ed7ebe1cba899c1c3ccad6f7f1c2d2369464cc77dba8eebc65e2043e19cda995"
            ],
            "markers": "python_version >= '3.4'",
            "version": "==7.9.0"
        },
        "ipython-genutils": {
            "hashes": [
                "sha256:72dd37233799e619666c9f639a9da83c34013a73e8bbc79a7a6348d93c61fab8",
                "sha256:eb2e116e75ecef9d4d228fdc66af54269afa26ab4463042e33785b887c628ba8"
            ],
            "version": "==0.2.0"
        },
        "jedi": {
            "hashes": [
                "sha256:786b6c3d80e2f06fd77162a07fed81b8baa22dde5d62896a790a331d6ac21a27",
                "sha256:ba859c74fa3c966a22f2aeebe1b74ee27e2a462f56d3f5f7ca4a59af61bfe42e"
            ],
            "version": "==0.15.1"
        },
        "mccabe": {
            "hashes": [
                "sha256:ab8a6258860da4b6677da4bd2fe5dc2c659cff31b3ee4f7f5d64e79735b80d42",
                "sha256:dd8d182285a0fe56bace7f45b5e7d1a6ebcbf524e8f3bd87eb0f125271b8831f"
            ],
            "version": "==0.6.1"
        },
        "more-itertools": {
            "hashes": [
                "sha256:409cd48d4db7052af495b09dec721011634af3753ae1ef92d2b32f73a745f832",
                "sha256:92b8c4b06dac4f0611c0729b2f2ede52b2e1bac1ab48f089c7ddc12e26bb60c4"
            ],
            "version": "==7.2.0"
        },
        "packaging": {
            "hashes": [
                "sha256:28b924174df7a2fa32c1953825ff29c61e2f5e082343165438812f00d3a7fc47",
                "sha256:d9551545c6d761f3def1677baf08ab2a3ca17c56879e70fecba2fc4dde4ed108"
            ],
            "version": "==19.2"
        },
        "parso": {
            "hashes": [
                "sha256:63854233e1fadb5da97f2744b6b24346d2750b85965e7e399bec1620232797dc",
                "sha256:666b0ee4a7a1220f65d367617f2cd3ffddff3e205f3f16a0284df30e774c2a9c"
            ],
            "version": "==0.5.1"
        },
        "pexpect": {
            "hashes": [
                "sha256:2094eefdfcf37a1fdbfb9aa090862c1a4878e5c7e0e7e7088bdb511c558e5cd1",
                "sha256:9e2c1fd0e6ee3a49b28f95d4b33bc389c89b20af6a1255906e90ff1262ce62eb"
            ],
            "markers": "sys_platform != 'win32'",
            "version": "==4.7.0"
        },
        "pickleshare": {
            "hashes": [
                "sha256:87683d47965c1da65cdacaf31c8441d12b8044cdec9aca500cd78fc2c683afca",
                "sha256:9649af414d74d4df115d5d718f82acb59c9d418196b7b4290ed47a12ce62df56"
            ],
            "version": "==0.7.5"
        },
        "pluggy": {
            "hashes": [
                "sha256:0db4b7601aae1d35b4a033282da476845aa19185c1e6964b25cf324b5e4ec3e6",
                "sha256:fa5fa1622fa6dd5c030e9cad086fa19ef6a0cf6d7a2d12318e10cb49d6d68f34"
            ],
            "version": "==0.13.0"
        },
        "prompt-toolkit": {
            "hashes": [
                "sha256:46642344ce457641f28fc9d1c9ca939b63dadf8df128b86f1b9860e59c73a5e4",
                "sha256:e7f8af9e3d70f514373bf41aa51bc33af12a6db3f71461ea47fea985defb2c31",
                "sha256:f15af68f66e664eaa559d4ac8a928111eebd5feda0c11738b5998045224829db"
            ],
            "version": "==2.0.10"
        },
        "ptyprocess": {
            "hashes": [
                "sha256:923f299cc5ad920c68f2bc0bc98b75b9f838b93b599941a6b63ddbc2476394c0",
                "sha256:d7cc528d76e76342423ca640335bd3633420dc1366f258cb31d05e865ef5ca1f"
            ],
            "version": "==0.6.0"
        },
        "py": {
            "hashes": [
                "sha256:64f65755aee5b381cea27766a3a147c3f15b9b6b9ac88676de66ba2ae36793fa",
                "sha256:dc639b046a6e2cff5bbe40194ad65936d6ba360b52b3c3fe1d08a82dd50b5e53"
            ],
            "version": "==1.8.0"
        },
        "pycodestyle": {
            "hashes": [
                "sha256:95a2219d12372f05704562a14ec30bc76b05a5b297b21a5dfe3f6fac3491ae56",
                "sha256:e40a936c9a450ad81df37f549d676d127b1b66000a6c500caa2b085bc0ca976c"
            ],
            "version": "==2.5.0"
        },
        "pyflakes": {
            "hashes": [
                "sha256:17dbeb2e3f4d772725c777fabc446d5634d1038f234e77343108ce445ea69ce0",
                "sha256:d976835886f8c5b31d47970ed689944a0262b5f3afa00a5a7b4dc81e5449f8a2"
            ],
            "version": "==2.1.1"
        },
        "pygments": {
            "hashes": [
                "sha256:71e430bc85c88a430f000ac1d9b331d2407f681d6f6aec95e8bcfbc3df5b0127",
                "sha256:881c4c157e45f30af185c1ffe8d549d48ac9127433f2c380c24b84572ad66297"
            ],
            "version": "==2.4.2"
        },
        "pyparsing": {
            "hashes": [
                "sha256:6f98a7b9397e206d78cc01df10131398f1c8b8510a2f4d97d9abd82e1aacdd80",
                "sha256:d9338df12903bbf5d65a0e4e87c2161968b10d2e489652bb47001d82a9b028b4"
            ],
            "version": "==2.4.2"
        },
        "pytest": {
            "hashes": [
                "sha256:27abc3fef618a01bebb1f0d6d303d2816a99aa87a5968ebc32fe971be91eb1e6",
                "sha256:58cee9e09242937e136dbb3dab466116ba20d6b7828c7620f23947f37eb4dae4"
            ],
            "index": "pypi",
            "version": "==5.2.2"
        },
        "six": {
            "hashes": [
                "sha256:3350809f0555b11f552448330d0b52d5f24c91a322ea4a15ef22629740f3761c",
                "sha256:d16a0141ec1a18405cd4ce8b4613101da75da0e9a7aec5bdd4fa804d0e0eba73"
            ],
            "version": "==1.12.0"
        },
        "traitlets": {
            "hashes": [
                "sha256:70b4c6a1d9019d7b4f6846832288f86998aa3b9207c6821f3578a6a6a467fe44",
                "sha256:d023ee369ddd2763310e4c3eae1ff649689440d4ae59d7485eb4cfbbe3e359f7"
            ],
            "version": "==4.3.3"
        },
        "wcwidth": {
            "hashes": [
                "sha256:3df37372226d6e63e1b1e1eda15c594bca98a22d33a23832a90998faa96bc65e",
                "sha256:f4ebe71925af7b40a864553f761ed559b43544f8f71746c2d756c7fe788ade7c"
            ],
            "version": "==0.1.7"
        },
        "zipp": {
            "hashes": [
                "sha256:3718b1cbcd963c7d4c5511a8240812904164b7f381b647143a89d3b98f9bcd8e",
                "sha256:f06903e9f1f43b12d371004b4ac7b06ab39a44adc747266928ae6debfa7b3335"
            ],
            "version": "==0.6.0"
        }
    }
}
